PODS:
  - FFBase (0.1.2):
    - FFBase/Nav (= 0.1.2)
    - FFUtils
  - FFBase/Nav (0.1.2):
    - FFUtils
  - FFUtils (0.1.5):
    - FFUtils/Category (= 0.1.5)
    - FFUtils/Configs (= 0.1.5)
    - FFUtils/ReformerKeys (= 0.1.5)
    - FFUtils/Tools (= 0.1.5)
  - FFUtils/Category (0.1.5)
  - FFUtils/Configs (0.1.5)
  - FFUtils/ReformerKeys (0.1.5)
  - FFUtils/Tools (0.1.5)

DEPENDENCIES:
  - FFBase (from `../`)
  - FFUtils (~> 0.1.5)

SPEC REPOS:
  https://github.com/BJComponent/BJSpecs.git:
    - FFUtils

EXTERNAL SOURCES:
  FFBase:
    :path: "../"

SPEC CHECKSUMS:
  FFBase: 103f55768d0fd6cfa2540387d8a58cd92fe9987d
  FFUtils: bb931393f38c1ad1aa6ffa89eba715475400f3a8

PODFILE CHECKSUM: 285dc6e9b1b64fa64600870b4fe44d0747f2c17e

COCOAPODS: 1.7.5
