PODS:
  - FFBase (0.1.0):
    - FFBase/Nav (= 0.1.0)
  - FFBase/Nav (0.1.0)

DEPENDENCIES:
  - FFBase (from `../`)

EXTERNAL SOURCES:
  FFBase:
    :path: "../"

SPEC CHECKSUMS:
  FFBase: 29c317c046e1300eceebcf71ae56066e75a6c0fd

PODFILE CHECKSUM: 57fa44a28855f4d519c473edd3ebae9790f82ade

COCOAPODS: 1.7.5
