PODS:
  - FFBase (0.1.1):
    - FFBase/Nav (= 0.1.1)
  - FFBase/Nav (0.1.1):
    - FFUtils
  - FFUtils (0.1.4)

DEPENDENCIES:
  - FFBase (from `../`)
  - FFUtils (~> 0.1.4)

SPEC REPOS:
  https://github.com/BJComponent/BJSpecs.git:
    - FFUtils

EXTERNAL SOURCES:
  FFBase:
    :path: "../"

SPEC CHECKSUMS:
  FFBase: 320ec97d31a148bcce187a7e10ec0ac93c6060a9
  FFUtils: a8aab384fa412e33169bce9156f03ef7d9ae60dc

PODFILE CHECKSUM: 3911e0db92254b1314d2fae0b850258a77db7337

COCOAPODS: 1.7.5
